// !$*UTF8*$!
{
	archiveVersion = 1;
	classes = {
	};
	objectVersion = 50;
	objects = {

/* Begin PBXBuildFile section */
		0FFDCF9C71F6FC164DEF7769 /* Pods_SuperQuizz.framework in Frameworks */ = {isa = PBXBuildFile; fileRef = 731757FAEF7868493D66A6D4 /* Pods_SuperQuizz.framework */; };
		5C36CB7021B9375B000D4853 /* APIClient.swift in Sources */ = {isa = PBXBuildFile; fileRef = 5C36CB6F21B9375B000D4853 /* APIClient.swift */; };
		5C9B02C821B6B5C400297FC0 /* AppDelegate.swift in Sources */ = {isa = PBXBuildFile; fileRef = 5C9B02C721B6B5C400297FC0 /* AppDelegate.swift */; };
		5C9B02CA21B6B5C400297FC0 /* AnswerViewController.swift in Sources */ = {isa = PBXBuildFile; fileRef = 5C9B02C921B6B5C400297FC0 /* AnswerViewController.swift */; };
		5C9B02CD21B6B5C400297FC0 /* Main.storyboard in Resources */ = {isa = PBXBuildFile; fileRef = 5C9B02CB21B6B5C400297FC0 /* Main.storyboard */; };
		5C9B02CF21B6B5C600297FC0 /* Assets.xcassets in Resources */ = {isa = PBXBuildFile; fileRef = 5C9B02CE21B6B5C600297FC0 /* Assets.xcassets */; };
		5C9B02D221B6B5C600297FC0 /* LaunchScreen.storyboard in Resources */ = {isa = PBXBuildFile; fileRef = 5C9B02D021B6B5C600297FC0 /* LaunchScreen.storyboard */; };
		5C9B02DD21B6B5C600297FC0 /* SuperQuizzTests.swift in Sources */ = {isa = PBXBuildFile; fileRef = 5C9B02DC21B6B5C600297FC0 /* SuperQuizzTests.swift */; };
		5C9B02E821B6B5C600297FC0 /* SuperQuizzUITests.swift in Sources */ = {isa = PBXBuildFile; fileRef = 5C9B02E721B6B5C600297FC0 /* SuperQuizzUITests.swift */; };
		5C9B02F621B6B76D00297FC0 /* QuestionsTableViewController.swift in Sources */ = {isa = PBXBuildFile; fileRef = 5C9B02F521B6B76D00297FC0 /* QuestionsTableViewController.swift */; };
		5C9B02F921B6C0F200297FC0 /* QuestionTableViewCell.swift in Sources */ = {isa = PBXBuildFile; fileRef = 5C9B02F721B6C0F200297FC0 /* QuestionTableViewCell.swift */; };
		5C9B02FA21B6C0F200297FC0 /* QuestionTableViewCell.xib in Resources */ = {isa = PBXBuildFile; fileRef = 5C9B02F821B6C0F200297FC0 /* QuestionTableViewCell.xib */; };
		5C9B02FC21B6C4CC00297FC0 /* Question.swift in Sources */ = {isa = PBXBuildFile; fileRef = 5C9B02FB21B6C4CC00297FC0 /* Question.swift */; };
		5CD1DF6521B7CF4200B94B9E /* CreateOrEditQuestionViewController.swift in Sources */ = {isa = PBXBuildFile; fileRef = 5CD1DF6421B7CF4200B94B9E /* CreateOrEditQuestionViewController.swift */; };
		A3BDB835BD491EC52E6EECD7 /* Pods_SuperQuizzTests.framework in Frameworks */ = {isa = PBXBuildFile; fileRef = 8CA07629D96B165C8DEFA92B /* Pods_SuperQuizzTests.framework */; };
		D7571FCCE466673FBB6DB3AE /* Pods_SuperQuizzUITests.framework in Frameworks */ = {isa = PBXBuildFile; fileRef = 996F31A134145D2F2FD61549 /* Pods_SuperQuizzUITests.framework */; };
/* End PBXBuildFile section */

/* Begin PBXContainerItemProxy section */
		5C9B02D921B6B5C600297FC0 /* PBXContainerItemProxy */ = {
			isa = PBXContainerItemProxy;
			containerPortal = 5C9B02BC21B6B5C400297FC0 /* Project object */;
			proxyType = 1;
			remoteGlobalIDString = 5C9B02C321B6B5C400297FC0;
			remoteInfo = SuperQuizz;
		};
		5C9B02E421B6B5C600297FC0 /* PBXContainerItemProxy */ = {
			isa = PBXContainerItemProxy;
			containerPortal = 5C9B02BC21B6B5C400297FC0 /* Project object */;
			proxyType = 1;
			remoteGlobalIDString = 5C9B02C321B6B5C400297FC0;
			remoteInfo = SuperQuizz;
		};
/* End PBXContainerItemProxy section */

/* Begin PBXFileReference section */
		0000E32D97032B968095325D /* Pods-SuperQuizz.debug.xcconfig */ = {isa = PBXFileReference; includeInIndex = 1; lastKnownFileType = text.xcconfig; name = "Pods-SuperQuizz.debug.xcconfig"; path = "Pods/Target Support Files/Pods-SuperQuizz/Pods-SuperQuizz.debug.xcconfig"; sourceTree = "<group>"; };
		470FC1FC7C77709A1EC9D2B7 /* Pods-SuperQuizzTests.debug.xcconfig */ = {isa = PBXFileReference; includeInIndex = 1; lastKnownFileType = text.xcconfig; name = "Pods-SuperQuizzTests.debug.xcconfig"; path = "Pods/Target Support Files/Pods-SuperQuizzTests/Pods-SuperQuizzTests.debug.xcconfig"; sourceTree = "<group>"; };
		5C36CB6F21B9375B000D4853 /* APIClient.swift */ = {isa = PBXFileReference; lastKnownFileType = sourcecode.swift; path = APIClient.swift; sourceTree = "<group>"; };
		5C9B02C421B6B5C400297FC0 /* SuperQuizz.app */ = {isa = PBXFileReference; explicitFileType = wrapper.application; includeInIndex = 0; path = SuperQuizz.app; sourceTree = BUILT_PRODUCTS_DIR; };
		5C9B02C721B6B5C400297FC0 /* AppDelegate.swift */ = {isa = PBXFileReference; lastKnownFileType = sourcecode.swift; path = AppDelegate.swift; sourceTree = "<group>"; };
		5C9B02C921B6B5C400297FC0 /* AnswerViewController.swift */ = {isa = PBXFileReference; lastKnownFileType = sourcecode.swift; path = AnswerViewController.swift; sourceTree = "<group>"; };
		5C9B02CC21B6B5C400297FC0 /* Base */ = {isa = PBXFileReference; lastKnownFileType = file.storyboard; name = Base; path = Base.lproj/Main.storyboard; sourceTree = "<group>"; };
		5C9B02CE21B6B5C600297FC0 /* Assets.xcassets */ = {isa = PBXFileReference; lastKnownFileType = folder.assetcatalog; path = Assets.xcassets; sourceTree = "<group>"; };
		5C9B02D121B6B5C600297FC0 /* Base */ = {isa = PBXFileReference; lastKnownFileType = file.storyboard; name = Base; path = Base.lproj/LaunchScreen.storyboard; sourceTree = "<group>"; };
		5C9B02D321B6B5C600297FC0 /* Info.plist */ = {isa = PBXFileReference; lastKnownFileType = text.plist.xml; path = Info.plist; sourceTree = "<group>"; };
		5C9B02D821B6B5C600297FC0 /* SuperQuizzTests.xctest */ = {isa = PBXFileReference; explicitFileType = wrapper.cfbundle; includeInIndex = 0; path = SuperQuizzTests.xctest; sourceTree = BUILT_PRODUCTS_DIR; };
		5C9B02DC21B6B5C600297FC0 /* SuperQuizzTests.swift */ = {isa = PBXFileReference; lastKnownFileType = sourcecode.swift; path = SuperQuizzTests.swift; sourceTree = "<group>"; };
		5C9B02DE21B6B5C600297FC0 /* Info.plist */ = {isa = PBXFileReference; lastKnownFileType = text.plist.xml; path = Info.plist; sourceTree = "<group>"; };
		5C9B02E321B6B5C600297FC0 /* SuperQuizzUITests.xctest */ = {isa = PBXFileReference; explicitFileType = wrapper.cfbundle; includeInIndex = 0; path = SuperQuizzUITests.xctest; sourceTree = BUILT_PRODUCTS_DIR; };
		5C9B02E721B6B5C600297FC0 /* SuperQuizzUITests.swift */ = {isa = PBXFileReference; lastKnownFileType = sourcecode.swift; path = SuperQuizzUITests.swift; sourceTree = "<group>"; };
		5C9B02E921B6B5C600297FC0 /* Info.plist */ = {isa = PBXFileReference; lastKnownFileType = text.plist.xml; path = Info.plist; sourceTree = "<group>"; };
		5C9B02F521B6B76D00297FC0 /* QuestionsTableViewController.swift */ = {isa = PBXFileReference; lastKnownFileType = sourcecode.swift; path = QuestionsTableViewController.swift; sourceTree = "<group>"; };
		5C9B02F721B6C0F200297FC0 /* QuestionTableViewCell.swift */ = {isa = PBXFileReference; lastKnownFileType = sourcecode.swift; path = QuestionTableViewCell.swift; sourceTree = "<group>"; };
		5C9B02F821B6C0F200297FC0 /* QuestionTableViewCell.xib */ = {isa = PBXFileReference; lastKnownFileType = file.xib; path = QuestionTableViewCell.xib; sourceTree = "<group>"; };
		5C9B02FB21B6C4CC00297FC0 /* Question.swift */ = {isa = PBXFileReference; lastKnownFileType = sourcecode.swift; path = Question.swift; sourceTree = "<group>"; };
		5CD1DF6421B7CF4200B94B9E /* CreateOrEditQuestionViewController.swift */ = {isa = PBXFileReference; lastKnownFileType = sourcecode.swift; path = CreateOrEditQuestionViewController.swift; sourceTree = "<group>"; };
		731757FAEF7868493D66A6D4 /* Pods_SuperQuizz.framework */ = {isa = PBXFileReference; explicitFileType = wrapper.framework; includeInIndex = 0; path = Pods_SuperQuizz.framework; sourceTree = BUILT_PRODUCTS_DIR; };
		8CA07629D96B165C8DEFA92B /* Pods_SuperQuizzTests.framework */ = {isa = PBXFileReference; explicitFileType = wrapper.framework; includeInIndex = 0; path = Pods_SuperQuizzTests.framework; sourceTree = BUILT_PRODUCTS_DIR; };
		996F31A134145D2F2FD61549 /* Pods_SuperQuizzUITests.framework */ = {isa = PBXFileReference; explicitFileType = wrapper.framework; includeInIndex = 0; path = Pods_SuperQuizzUITests.framework; sourceTree = BUILT_PRODUCTS_DIR; };
		9FA2029EC0E46DFD94D827BD /* Pods-SuperQuizzUITests.debug.xcconfig */ = {isa = PBXFileReference; includeInIndex = 1; lastKnownFileType = text.xcconfig; name = "Pods-SuperQuizzUITests.debug.xcconfig"; path = "Pods/Target Support Files/Pods-SuperQuizzUITests/Pods-SuperQuizzUITests.debug.xcconfig"; sourceTree = "<group>"; };
		CDD7F46C3D9B93FFE411563A /* Pods-SuperQuizzUITests.release.xcconfig */ = {isa = PBXFileReference; includeInIndex = 1; lastKnownFileType = text.xcconfig; name = "Pods-SuperQuizzUITests.release.xcconfig"; path = "Pods/Target Support Files/Pods-SuperQuizzUITests/Pods-SuperQuizzUITests.release.xcconfig"; sourceTree = "<group>"; };
		EB7F9B7BA363CA6631D70F5F /* Pods-SuperQuizzTests.release.xcconfig */ = {isa = PBXFileReference; includeInIndex = 1; lastKnownFileType = text.xcconfig; name = "Pods-SuperQuizzTests.release.xcconfig"; path = "Pods/Target Support Files/Pods-SuperQuizzTests/Pods-SuperQuizzTests.release.xcconfig"; sourceTree = "<group>"; };
		FC1D9F48F9FE1ED3DA648498 /* Pods-SuperQuizz.release.xcconfig */ = {isa = PBXFileReference; includeInIndex = 1; lastKnownFileType = text.xcconfig; name = "Pods-SuperQuizz.release.xcconfig"; path = "Pods/Target Support Files/Pods-SuperQuizz/Pods-SuperQuizz.release.xcconfig"; sourceTree = "<group>"; };
/* End PBXFileReference section */

/* Begin PBXFrameworksBuildPhase section */
		5C9B02C121B6B5C400297FC0 /* Frameworks */ = {
			isa = PBXFrameworksBuildPhase;
			buildActionMask = 2147483647;
			files = (
				0FFDCF9C71F6FC164DEF7769 /* Pods_SuperQuizz.framework in Frameworks */,
			);
			runOnlyForDeploymentPostprocessing = 0;
		};
		5C9B02D521B6B5C600297FC0 /* Frameworks */ = {
			isa = PBXFrameworksBuildPhase;
			buildActionMask = 2147483647;
			files = (
				A3BDB835BD491EC52E6EECD7 /* Pods_SuperQuizzTests.framework in Frameworks */,
			);
			runOnlyForDeploymentPostprocessing = 0;
		};
		5C9B02E021B6B5C600297FC0 /* Frameworks */ = {
			isa = PBXFrameworksBuildPhase;
			buildActionMask = 2147483647;
			files = (
				D7571FCCE466673FBB6DB3AE /* Pods_SuperQuizzUITests.framework in Frameworks */,
			);
			runOnlyForDeploymentPostprocessing = 0;
		};
/* End PBXFrameworksBuildPhase section */

/* Begin PBXGroup section */
		32B9927D0A008954BE646E28 /* Pods */ = {
			isa = PBXGroup;
			children = (
				0000E32D97032B968095325D /* Pods-SuperQuizz.debug.xcconfig */,
				FC1D9F48F9FE1ED3DA648498 /* Pods-SuperQuizz.release.xcconfig */,
				470FC1FC7C77709A1EC9D2B7 /* Pods-SuperQuizzTests.debug.xcconfig */,
				EB7F9B7BA363CA6631D70F5F /* Pods-SuperQuizzTests.release.xcconfig */,
				9FA2029EC0E46DFD94D827BD /* Pods-SuperQuizzUITests.debug.xcconfig */,
				CDD7F46C3D9B93FFE411563A /* Pods-SuperQuizzUITests.release.xcconfig */,
			);
			name = Pods;
			sourceTree = "<group>";
		};
		5C36CB6E21B93744000D4853 /* API */ = {
			isa = PBXGroup;
			children = (
				5C36CB6F21B9375B000D4853 /* APIClient.swift */,
			);
			path = API;
			sourceTree = "<group>";
		};
		5C9B02BB21B6B5C400297FC0 = {
			isa = PBXGroup;
			children = (
				5C9B02C621B6B5C400297FC0 /* SuperQuizz */,
				5C9B02DB21B6B5C600297FC0 /* SuperQuizzTests */,
				5C9B02E621B6B5C600297FC0 /* SuperQuizzUITests */,
				5C9B02C521B6B5C400297FC0 /* Products */,
				32B9927D0A008954BE646E28 /* Pods */,
				BD5D942E2D43E2AF11094828 /* Frameworks */,
			);
			sourceTree = "<group>";
		};
		5C9B02C521B6B5C400297FC0 /* Products */ = {
			isa = PBXGroup;
			children = (
				5C9B02C421B6B5C400297FC0 /* SuperQuizz.app */,
				5C9B02D821B6B5C600297FC0 /* SuperQuizzTests.xctest */,
				5C9B02E321B6B5C600297FC0 /* SuperQuizzUITests.xctest */,
			);
			name = Products;
			sourceTree = "<group>";
		};
		5C9B02C621B6B5C400297FC0 /* SuperQuizz */ = {
			isa = PBXGroup;
			children = (
				5C9B02C721B6B5C400297FC0 /* AppDelegate.swift */,
				5C36CB6E21B93744000D4853 /* API */,
				5CD1DF6A21B7CFC400B94B9E /* Model */,
				5CD1DF6621B7CF4D00B94B9E /* UI */,
				5C9B02CE21B6B5C600297FC0 /* Assets.xcassets */,
				5C9B02D321B6B5C600297FC0 /* Info.plist */,
			);
			path = SuperQuizz;
			sourceTree = "<group>";
		};
		5C9B02DB21B6B5C600297FC0 /* SuperQuizzTests */ = {
			isa = PBXGroup;
			children = (
				5C9B02DC21B6B5C600297FC0 /* SuperQuizzTests.swift */,
				5C9B02DE21B6B5C600297FC0 /* Info.plist */,
			);
			path = SuperQuizzTests;
			sourceTree = "<group>";
		};
		5C9B02E621B6B5C600297FC0 /* SuperQuizzUITests */ = {
			isa = PBXGroup;
			children = (
				5C9B02E721B6B5C600297FC0 /* SuperQuizzUITests.swift */,
				5C9B02E921B6B5C600297FC0 /* Info.plist */,
			);
			path = SuperQuizzUITests;
			sourceTree = "<group>";
		};
		5CD1DF6621B7CF4D00B94B9E /* UI */ = {
			isa = PBXGroup;
			children = (
				5CD1DF6921B7CF7600B94B9E /* IB */,
				5CD1DF6821B7CF6700B94B9E /* Cells */,
				5CD1DF6721B7CF5D00B94B9E /* ViewControllers */,
			);
			path = UI;
			sourceTree = "<group>";
		};
		5CD1DF6721B7CF5D00B94B9E /* ViewControllers */ = {
			isa = PBXGroup;
			children = (
				5C9B02C921B6B5C400297FC0 /* AnswerViewController.swift */,
				5C9B02F521B6B76D00297FC0 /* QuestionsTableViewController.swift */,
				5CD1DF6421B7CF4200B94B9E /* CreateOrEditQuestionViewController.swift */,
			);
			path = ViewControllers;
			sourceTree = "<group>";
		};
		5CD1DF6821B7CF6700B94B9E /* Cells */ = {
			isa = PBXGroup;
			children = (
				5C9B02F721B6C0F200297FC0 /* QuestionTableViewCell.swift */,
			);
			path = Cells;
			sourceTree = "<group>";
		};
		5CD1DF6921B7CF7600B94B9E /* IB */ = {
			isa = PBXGroup;
			children = (
				5C9B02CB21B6B5C400297FC0 /* Main.storyboard */,
				5C9B02D021B6B5C600297FC0 /* LaunchScreen.storyboard */,
				5C9B02F821B6C0F200297FC0 /* QuestionTableViewCell.xib */,
			);
			path = IB;
			sourceTree = "<group>";
		};
		5CD1DF6A21B7CFC400B94B9E /* Model */ = {
			isa = PBXGroup;
			children = (
				5C9B02FB21B6C4CC00297FC0 /* Question.swift */,
			);
			path = Model;
			sourceTree = "<group>";
		};
		BD5D942E2D43E2AF11094828 /* Frameworks */ = {
			isa = PBXGroup;
			children = (
				731757FAEF7868493D66A6D4 /* Pods_SuperQuizz.framework */,
				8CA07629D96B165C8DEFA92B /* Pods_SuperQuizzTests.framework */,
				996F31A134145D2F2FD61549 /* Pods_SuperQuizzUITests.framework */,
			);
			name = Frameworks;
			sourceTree = "<group>";
		};
/* End PBXGroup section */

/* Begin PBXNativeTarget section */
		5C9B02C321B6B5C400297FC0 /* SuperQuizz */ = {
			isa = PBXNativeTarget;
			buildConfigurationList = 5C9B02EC21B6B5C600297FC0 /* Build configuration list for PBXNativeTarget "SuperQuizz" */;
			buildPhases = (
				AED532FABC5F557FB5E9D4BB /* [CP] Check Pods Manifest.lock */,
				5C9B02C021B6B5C400297FC0 /* Sources */,
				5C9B02C121B6B5C400297FC0 /* Frameworks */,
				5C9B02C221B6B5C400297FC0 /* Resources */,
				072630A26817BD6F34E7D988 /* [CP] Embed Pods Frameworks */,
			);
			buildRules = (
			);
			dependencies = (
			);
			name = SuperQuizz;
			productName = SuperQuizz;
			productReference = 5C9B02C421B6B5C400297FC0 /* SuperQuizz.app */;
			productType = "com.apple.product-type.application";
		};
		5C9B02D721B6B5C600297FC0 /* SuperQuizzTests */ = {
			isa = PBXNativeTarget;
			buildConfigurationList = 5C9B02EF21B6B5C600297FC0 /* Build configuration list for PBXNativeTarget "SuperQuizzTests" */;
			buildPhases = (
				7A324AA2361809015211121E /* [CP] Check Pods Manifest.lock */,
				5C9B02D421B6B5C600297FC0 /* Sources */,
				5C9B02D521B6B5C600297FC0 /* Frameworks */,
				5C9B02D621B6B5C600297FC0 /* Resources */,
			);
			buildRules = (
			);
			dependencies = (
				5C9B02DA21B6B5C600297FC0 /* PBXTargetDependency */,
			);
			name = SuperQuizzTests;
			productName = SuperQuizzTests;
			productReference = 5C9B02D821B6B5C600297FC0 /* SuperQuizzTests.xctest */;
			productType = "com.apple.product-type.bundle.unit-test";
		};
		5C9B02E221B6B5C600297FC0 /* SuperQuizzUITests */ = {
			isa = PBXNativeTarget;
			buildConfigurationList = 5C9B02F221B6B5C600297FC0 /* Build configuration list for PBXNativeTarget "SuperQuizzUITests" */;
			buildPhases = (
				7E49262121AD0FB629047F6E /* [CP] Check Pods Manifest.lock */,
				5C9B02DF21B6B5C600297FC0 /* Sources */,
				5C9B02E021B6B5C600297FC0 /* Frameworks */,
				5C9B02E121B6B5C600297FC0 /* Resources */,
			);
			buildRules = (
			);
			dependencies = (
				5C9B02E521B6B5C600297FC0 /* PBXTargetDependency */,
			);
			name = SuperQuizzUITests;
			productName = SuperQuizzUITests;
			productReference = 5C9B02E321B6B5C600297FC0 /* SuperQuizzUITests.xctest */;
			productType = "com.apple.product-type.bundle.ui-testing";
		};
/* End PBXNativeTarget section */

/* Begin PBXProject section */
		5C9B02BC21B6B5C400297FC0 /* Project object */ = {
			isa = PBXProject;
			attributes = {
				LastSwiftUpdateCheck = 1010;
				LastUpgradeCheck = 1010;
				ORGANIZATIONNAME = formation7;
				TargetAttributes = {
					5C9B02C321B6B5C400297FC0 = {
						CreatedOnToolsVersion = 10.1;
					};
					5C9B02D721B6B5C600297FC0 = {
						CreatedOnToolsVersion = 10.1;
						TestTargetID = 5C9B02C321B6B5C400297FC0;
					};
					5C9B02E221B6B5C600297FC0 = {
						CreatedOnToolsVersion = 10.1;
						TestTargetID = 5C9B02C321B6B5C400297FC0;
					};
				};
			};
			buildConfigurationList = 5C9B02BF21B6B5C400297FC0 /* Build configuration list for PBXProject "SuperQuizz" */;
			compatibilityVersion = "Xcode 9.3";
			developmentRegion = en;
			hasScannedForEncodings = 0;
			knownRegions = (
				en,
				Base,
			);
			mainGroup = 5C9B02BB21B6B5C400297FC0;
			productRefGroup = 5C9B02C521B6B5C400297FC0 /* Products */;
			projectDirPath = "";
			projectRoot = "";
			targets = (
				5C9B02C321B6B5C400297FC0 /* SuperQuizz */,
				5C9B02D721B6B5C600297FC0 /* SuperQuizzTests */,
				5C9B02E221B6B5C600297FC0 /* SuperQuizzUITests */,
			);
		};
/* End PBXProject section */

/* Begin PBXResourcesBuildPhase section */
		5C9B02C221B6B5C400297FC0 /* Resources */ = {
			isa = PBXResourcesBuildPhase;
			buildActionMask = 2147483647;
			files = (
				5C9B02D221B6B5C600297FC0 /* LaunchScreen.storyboard in Resources */,
				5C9B02FA21B6C0F200297FC0 /* QuestionTableViewCell.xib in Resources */,
				5C9B02CF21B6B5C600297FC0 /* Assets.xcassets in Resources */,
				5C9B02CD21B6B5C400297FC0 /* Main.storyboard in Resources */,
			);
			runOnlyForDeploymentPostprocessing = 0;
		};
		5C9B02D621B6B5C600297FC0 /* Resources */ = {
			isa = PBXResourcesBuildPhase;
			buildActionMask = 2147483647;
			files = (
			);
			runOnlyForDeploymentPostprocessing = 0;
		};
		5C9B02E121B6B5C600297FC0 /* Resources */ = {
			isa = PBXResourcesBuildPhase;
			buildActionMask = 2147483647;
			files = (
			);
			runOnlyForDeploymentPostprocessing = 0;
		};
/* End PBXResourcesBuildPhase section */

/* Begin PBXShellScriptBuildPhase section */
		072630A26817BD6F34E7D988 /* [CP] Embed Pods Frameworks */ = {
			isa = PBXShellScriptBuildPhase;
			buildActionMask = 2147483647;
			files = (
			);
			inputFileListPaths = (
			);
			inputPaths = (
				"${SRCROOT}/Pods/Target Support Files/Pods-SuperQuizz/Pods-SuperQuizz-frameworks.sh",
				"${BUILT_PRODUCTS_DIR}/SwiftIcons/SwiftIcons.framework",
			);
			name = "[CP] Embed Pods Frameworks";
			outputFileListPaths = (
			);
			outputPaths = (
				"${TARGET_BUILD_DIR}/${FRAMEWORKS_FOLDER_PATH}/SwiftIcons.framework",
			);
			runOnlyForDeploymentPostprocessing = 0;
			shellPath = /bin/sh;
			shellScript = "\"${SRCROOT}/Pods/Target Support Files/Pods-SuperQuizz/Pods-SuperQuizz-frameworks.sh\"\n";
			showEnvVarsInLog = 0;
		};
		7A324AA2361809015211121E /* [CP] Check Pods Manifest.lock */ = {
			isa = PBXShellScriptBuildPhase;
			buildActionMask = 2147483647;
			files = (
			);
			inputFileListPaths = (
			);
			inputPaths = (
				"${PODS_PODFILE_DIR_PATH}/Podfile.lock",
				"${PODS_ROOT}/Manifest.lock",
			);
			name = "[CP] Check Pods Manifest.lock";
			outputFileListPaths = (
			);
			outputPaths = (
				"$(DERIVED_FILE_DIR)/Pods-SuperQuizzTests-checkManifestLockResult.txt",
			);
			runOnlyForDeploymentPostprocessing = 0;
			shellPath = /bin/sh;
			shellScript = "diff \"${PODS_PODFILE_DIR_PATH}/Podfile.lock\" \"${PODS_ROOT}/Manifest.lock\" > /dev/null\nif [ $? != 0 ] ; then\n    # print error to STDERR\n    echo \"error: The sandbox is not in sync with the Podfile.lock. Run 'pod install' or update your CocoaPods installation.\" >&2\n    exit 1\nfi\n# This output is used by Xcode 'outputs' to avoid re-running this script phase.\necho \"SUCCESS\" > \"${SCRIPT_OUTPUT_FILE_0}\"\n";
			showEnvVarsInLog = 0;
		};
		7E49262121AD0FB629047F6E /* [CP] Check Pods Manifest.lock */ = {
			isa = PBXShellScriptBuildPhase;
			buildActionMask = 2147483647;
			files = (
			);
			inputFileListPaths = (
			);
			inputPaths = (
				"${PODS_PODFILE_DIR_PATH}/Podfile.lock",
				"${PODS_ROOT}/Manifest.lock",
			);
			name = "[CP] Check Pods Manifest.lock";
			outputFileListPaths = (
			);
			outputPaths = (
				"$(DERIVED_FILE_DIR)/Pods-SuperQuizzUITests-checkManifestLockResult.txt",
			);
			runOnlyForDeploymentPostprocessing = 0;
			shellPath = /bin/sh;
			shellScript = "diff \"${PODS_PODFILE_DIR_PATH}/Podfile.lock\" \"${PODS_ROOT}/Manifest.lock\" > /dev/null\nif [ $? != 0 ] ; then\n    # print error to STDERR\n    echo \"error: The sandbox is not in sync with the Podfile.lock. Run 'pod install' or update your CocoaPods installation.\" >&2\n    exit 1\nfi\n# This output is used by Xcode 'outputs' to avoid re-running this script phase.\necho \"SUCCESS\" > \"${SCRIPT_OUTPUT_FILE_0}\"\n";
			showEnvVarsInLog = 0;
		};
		AED532FABC5F557FB5E9D4BB /* [CP] Check Pods Manifest.lock */ = {
			isa = PBXShellScriptBuildPhase;
			buildActionMask = 2147483647;
			files = (
			);
			inputFileListPaths = (
			);
			inputPaths = (
				"${PODS_PODFILE_DIR_PATH}/Podfile.lock",
				"${PODS_ROOT}/Manifest.lock",
			);
			name = "[CP] Check Pods Manifest.lock";
			outputFileListPaths = (
			);
			outputPaths = (
				"$(DERIVED_FILE_DIR)/Pods-SuperQuizz-checkManifestLockResult.txt",
			);
			runOnlyForDeploymentPostprocessing = 0;
			shellPath = /bin/sh;
			shellScript = "diff \"${PODS_PODFILE_DIR_PATH}/Podfile.lock\" \"${PODS_ROOT}/Manifest.lock\" > /dev/null\nif [ $? != 0 ] ; then\n    # print error to STDERR\n    echo \"error: The sandbox is not in sync with the Podfile.lock. Run 'pod install' or update your CocoaPods installation.\" >&2\n    exit 1\nfi\n# This output is used by Xcode 'outputs' to avoid re-running this script phase.\necho \"SUCCESS\" > \"${SCRIPT_OUTPUT_FILE_0}\"\n";
			showEnvVarsInLog = 0;
		};
/* End PBXShellScriptBuildPhase section */

/* Begin PBXSourcesBuildPhase section */
		5C9B02C021B6B5C400297FC0 /* Sources */ = {
			isa = PBXSourcesBuildPhase;
			buildActionMask = 2147483647;
			files = (
				5C9B02FC21B6C4CC00297FC0 /* Question.swift in Sources */,
				5C36CB7021B9375B000D4853 /* APIClient.swift in Sources */,
				5C9B02CA21B6B5C400297FC0 /* AnswerViewController.swift in Sources */,
				5C9B02F921B6C0F200297FC0 /* QuestionTableViewCell.swift in Sources */,
				5C9B02F621B6B76D00297FC0 /* QuestionsTableViewController.swift in Sources */,
				5C9B02C821B6B5C400297FC0 /* AppDelegate.swift in Sources */,
				5CD1DF6521B7CF4200B94B9E /* CreateOrEditQuestionViewController.swift in Sources */,
			);
			runOnlyForDeploymentPostprocessing = 0;
		};
		5C9B02D421B6B5C600297FC0 /* Sources */ = {
			isa = PBXSourcesBuildPhase;
			buildActionMask = 2147483647;
			files = (
				5C9B02DD21B6B5C600297FC0 /* SuperQuizzTests.swift in Sources */,
			);
			runOnlyForDeploymentPostprocessing = 0;
		};
		5C9B02DF21B6B5C600297FC0 /* Sources */ = {
			isa = PBXSourcesBuildPhase;
			buildActionMask = 2147483647;
			files = (
				5C9B02E821B6B5C600297FC0 /* SuperQuizzUITests.swift in Sources */,
			);
			runOnlyForDeploymentPostprocessing = 0;
		};
/* End PBXSourcesBuildPhase section */

/* Begin PBXTargetDependency section */
		5C9B02DA21B6B5C600297FC0 /* PBXTargetDependency */ = {
			isa = PBXTargetDependency;
			target = 5C9B02C321B6B5C400297FC0 /* SuperQuizz */;
			targetProxy = 5C9B02D921B6B5C600297FC0 /* PBXContainerItemProxy */;
		};
		5C9B02E521B6B5C600297FC0 /* PBXTargetDependency */ = {
			isa = PBXTargetDependency;
			target = 5C9B02C321B6B5C400297FC0 /* SuperQuizz */;
			targetProxy = 5C9B02E421B6B5C600297FC0 /* PBXContainerItemProxy */;
		};
/* End PBXTargetDependency section */

/* Begin PBXVariantGroup section */
		5C9B02CB21B6B5C400297FC0 /* Main.storyboard */ = {
			isa = PBXVariantGroup;
			children = (
				5C9B02CC21B6B5C400297FC0 /* Base */,
			);
			name = Main.storyboard;
			sourceTree = "<group>";
		};
		5C9B02D021B6B5C600297FC0 /* LaunchScreen.storyboard */ = {
			isa = PBXVariantGroup;
			children = (
				5C9B02D121B6B5C600297FC0 /* Base */,
			);
			name = LaunchScreen.storyboard;
			sourceTree = "<group>";
		};
/* End PBXVariantGroup section */

/* Begin XCBuildConfiguration section */
		5C9B02EA21B6B5C600297FC0 /* Debug */ = {
			isa = XCBuildConfiguration;
			buildSettings = {
				ALWAYS_SEARCH_USER_PATHS = NO;
				CLANG_ANALYZER_NONNULL = YES;
				CLANG_ANALYZER_NUMBER_OBJECT_CONVERSION = YES_AGGRESSIVE;
				CLANG_CXX_LANGUAGE_STANDARD = "gnu++14";
				CLANG_CXX_LIBRARY = "libc++";
				CLANG_ENABLE_MODULES = YES;
				CLANG_ENABLE_OBJC_ARC = YES;
				CLANG_ENABLE_OBJC_WEAK = YES;
				CLANG_WARN_BLOCK_CAPTURE_AUTORELEASING = YES;
				CLANG_WARN_BOOL_CONVERSION = YES;
				CLANG_WARN_COMMA = YES;
				CLANG_WARN_CONSTANT_CONVERSION = YES;
				CLANG_WARN_DEPRECATED_OBJC_IMPLEMENTATIONS = YES;
				CLANG_WARN_DIRECT_OBJC_ISA_USAGE = YES_ERROR;
				CLANG_WARN_DOCUMENTATION_COMMENTS = YES;
				CLANG_WARN_EMPTY_BODY = YES;
				CLANG_WARN_ENUM_CONVERSION = YES;
				CLANG_WARN_INFINITE_RECURSION = YES;
				CLANG_WARN_INT_CONVERSION = YES;
				CLANG_WARN_NON_LITERAL_NULL_CONVERSION = YES;
				CLANG_WARN_OBJC_IMPLICIT_RETAIN_SELF = YES;
				CLANG_WARN_OBJC_LITERAL_CONVERSION = YES;
				CLANG_WARN_OBJC_ROOT_CLASS = YES_ERROR;
				CLANG_WARN_RANGE_LOOP_ANALYSIS = YES;
				CLANG_WARN_STRICT_PROTOTYPES = YES;
				CLANG_WARN_SUSPICIOUS_MOVE = YES;
				CLANG_WARN_UNGUARDED_AVAILABILITY = YES_AGGRESSIVE;
				CLANG_WARN_UNREACHABLE_CODE = YES;
				CLANG_WARN__DUPLICATE_METHOD_MATCH = YES;
				CODE_SIGN_IDENTITY = "iPhone Developer";
				COPY_PHASE_STRIP = NO;
				DEBUG_INFORMATION_FORMAT = dwarf;
				ENABLE_STRICT_OBJC_MSGSEND = YES;
				ENABLE_TESTABILITY = YES;
				GCC_C_LANGUAGE_STANDARD = gnu11;
				GCC_DYNAMIC_NO_PIC = NO;
				GCC_NO_COMMON_BLOCKS = YES;
				GCC_OPTIMIZATION_LEVEL = 0;
				GCC_PREPROCESSOR_DEFINITIONS = (
					"DEBUG=1",
					"$(inherited)",
				);
				GCC_WARN_64_TO_32_BIT_CONVERSION = YES;
				GCC_WARN_ABOUT_RETURN_TYPE = YES_ERROR;
				GCC_WARN_UNDECLARED_SELECTOR = YES;
				GCC_WARN_UNINITIALIZED_AUTOS = YES_AGGRESSIVE;
				GCC_WARN_UNUSED_FUNCTION = YES;
				GCC_WARN_UNUSED_VARIABLE = YES;
				IPHONEOS_DEPLOYMENT_TARGET = 12.1;
				MTL_ENABLE_DEBUG_INFO = INCLUDE_SOURCE;
				MTL_FAST_MATH = YES;
				ONLY_ACTIVE_ARCH = YES;
				SDKROOT = iphoneos;
				SWIFT_ACTIVE_COMPILATION_CONDITIONS = DEBUG;
				SWIFT_OPTIMIZATION_LEVEL = "-Onone";
			};
			name = Debug;
		};
		5C9B02EB21B6B5C600297FC0 /* Release */ = {
			isa = XCBuildConfiguration;
			buildSettings = {
				ALWAYS_SEARCH_USER_PATHS = NO;
				CLANG_ANALYZER_NONNULL = YES;
				CLANG_ANALYZER_NUMBER_OBJECT_CONVERSION = YES_AGGRESSIVE;
				CLANG_CXX_LANGUAGE_STANDARD = "gnu++14";
				CLANG_CXX_LIBRARY = "libc++";
				CLANG_ENABLE_MODULES = YES;
				CLANG_ENABLE_OBJC_ARC = YES;
				CLANG_ENABLE_OBJC_WEAK = YES;
				CLANG_WARN_BLOCK_CAPTURE_AUTORELEASING = YES;
				CLANG_WARN_BOOL_CONVERSION = YES;
				CLANG_WARN_COMMA = YES;
				CLANG_WARN_CONSTANT_CONVERSION = YES;
				CLANG_WARN_DEPRECATED_OBJC_IMPLEMENTATIONS = YES;
				CLANG_WARN_DIRECT_OBJC_ISA_USAGE = YES_ERROR;
				CLANG_WARN_DOCUMENTATION_COMMENTS = YES;
				CLANG_WARN_EMPTY_BODY = YES;
				CLANG_WARN_ENUM_CONVERSION = YES;
				CLANG_WARN_INFINITE_RECURSION = YES;
				CLANG_WARN_INT_CONVERSION = YES;
				CLANG_WARN_NON_LITERAL_NULL_CONVERSION = YES;
				CLANG_WARN_OBJC_IMPLICIT_RETAIN_SELF = YES;
				CLANG_WARN_OBJC_LITERAL_CONVERSION = YES;
				CLANG_WARN_OBJC_ROOT_CLASS = YES_ERROR;
				CLANG_WARN_RANGE_LOOP_ANALYSIS = YES;
				CLANG_WARN_STRICT_PROTOTYPES = YES;
				CLANG_WARN_SUSPICIOUS_MOVE = YES;
				CLANG_WARN_UNGUARDED_AVAILABILITY = YES_AGGRESSIVE;
				CLANG_WARN_UNREACHABLE_CODE = YES;
				CLANG_WARN__DUPLICATE_METHOD_MATCH = YES;
				CODE_SIGN_IDENTITY = "iPhone Developer";
				COPY_PHASE_STRIP = NO;
				DEBUG_INFORMATION_FORMAT = "dwarf-with-dsym";
				ENABLE_NS_ASSERTIONS = NO;
				ENABLE_STRICT_OBJC_MSGSEND = YES;
				GCC_C_LANGUAGE_STANDARD = gnu11;
				GCC_NO_COMMON_BLOCKS = YES;
				GCC_WARN_64_TO_32_BIT_CONVERSION = YES;
				GCC_WARN_ABOUT_RETURN_TYPE = YES_ERROR;
				GCC_WARN_UNDECLARED_SELECTOR = YES;
				GCC_WARN_UNINITIALIZED_AUTOS = YES_AGGRESSIVE;
				GCC_WARN_UNUSED_FUNCTION = YES;
				GCC_WARN_UNUSED_VARIABLE = YES;
				IPHONEOS_DEPLOYMENT_TARGET = 12.1;
				MTL_ENABLE_DEBUG_INFO = NO;
				MTL_FAST_MATH = YES;
				SDKROOT = iphoneos;
				SWIFT_COMPILATION_MODE = wholemodule;
				SWIFT_OPTIMIZATION_LEVEL = "-O";
				VALIDATE_PRODUCT = YES;
			};
			name = Release;
		};
		5C9B02ED21B6B5C600297FC0 /* Debug */ = {
			isa = XCBuildConfiguration;
			baseConfigurationReference = 0000E32D97032B968095325D /* Pods-SuperQuizz.debug.xcconfig */;
			buildSettings = {
				ASSETCATALOG_COMPILER_APPICON_NAME = AppIcon;
				CODE_SIGN_STYLE = Automatic;
				INFOPLIST_FILE = SuperQuizz/Info.plist;
				LD_RUNPATH_SEARCH_PATHS = (
					"$(inherited)",
					"@executable_path/Frameworks",
				);
				PRODUCT_BUNDLE_IDENTIFIER = fr.formation.diginamic.SuperQuizz;
				PRODUCT_NAME = "$(TARGET_NAME)";
				SWIFT_VERSION = 4.2;
				TARGETED_DEVICE_FAMILY = "1,2";
			};
			name = Debug;
		};
		5C9B02EE21B6B5C600297FC0 /* Release */ = {
			isa = XCBuildConfiguration;
			baseConfigurationReference = FC1D9F48F9FE1ED3DA648498 /* Pods-SuperQuizz.release.xcconfig */;
			buildSettings = {
				ASSETCATALOG_COMPILER_APPICON_NAME = AppIcon;
				CODE_SIGN_STYLE = Automatic;
				INFOPLIST_FILE = SuperQuizz/Info.plist;
				LD_RUNPATH_SEARCH_PATHS = (
					"$(inherited)",
					"@executable_path/Frameworks",
				);
				PRODUCT_BUNDLE_IDENTIFIER = fr.formation.diginamic.SuperQuizz;
				PRODUCT_NAME = "$(TARGET_NAME)";
				SWIFT_VERSION = 4.2;
				TARGETED_DEVICE_FAMILY = "1,2";
			};
			name = Release;
		};
		5C9B02F021B6B5C600297FC0 /* Debug */ = {
			isa = XCBuildConfiguration;
			baseConfigurationReference = 470FC1FC7C77709A1EC9D2B7 /* Pods-SuperQuizzTests.debug.xcconfig */;
			buildSettings = {
				ALWAYS_EMBED_SWIFT_STANDARD_LIBRARIES = YES;
				BUNDLE_LOADER = "$(TEST_HOST)";
				CODE_SIGN_STYLE = Automatic;
				INFOPLIST_FILE = SuperQuizzTests/Info.plist;
				LD_RUNPATH_SEARCH_PATHS = (
					"$(inherited)",
					"@executable_path/Frameworks",
					"@loader_path/Frameworks",
				);
				PRODUCT_BUNDLE_IDENTIFIER = fr.formation.diginamic.SuperQuizzTests;
				PRODUCT_NAME = "$(TARGET_NAME)";
				SWIFT_VERSION = 4.2;
				TARGETED_DEVICE_FAMILY = "1,2";
				TEST_HOST = "$(BUILT_PRODUCTS_DIR)/SuperQuizz.app/SuperQuizz";
			};
			name = Debug;
		};
		5C9B02F121B6B5C600297FC0 /* Release */ = {
			isa = XCBuildConfiguration;
			baseConfigurationReference = EB7F9B7BA363CA6631D70F5F /* Pods-SuperQuizzTests.release.xcconfig */;
			buildSettings = {
				ALWAYS_EMBED_SWIFT_STANDARD_LIBRARIES = YES;
				BUNDLE_LOADER = "$(TEST_HOST)";
				CODE_SIGN_STYLE = Automatic;
				INFOPLIST_FILE = SuperQuizzTests/Info.plist;
				LD_RUNPATH_SEARCH_PATHS = (
					"$(inherited)",
					"@executable_path/Frameworks",
					"@loader_path/Frameworks",
				);
				PRODUCT_BUNDLE_IDENTIFIER = fr.formation.diginamic.SuperQuizzTests;
				PRODUCT_NAME = "$(TARGET_NAME)";
				SWIFT_VERSION = 4.2;
				TARGETED_DEVICE_FAMILY = "1,2";
				TEST_HOST = "$(BUILT_PRODUCTS_DIR)/SuperQuizz.app/SuperQuizz";
			};
			name = Release;
		};
		5C9B02F321B6B5C600297FC0 /* Debug */ = {
			isa = XCBuildConfiguration;
			baseConfigurationReference = 9FA2029EC0E46DFD94D827BD /* Pods-SuperQuizzUITests.debug.xcconfig */;
			buildSettings = {
				ALWAYS_EMBED_SWIFT_STANDARD_LIBRARIES = YES;
				CODE_SIGN_STYLE = Automatic;
				INFOPLIST_FILE = SuperQuizzUITests/Info.plist;
				LD_RUNPATH_SEARCH_PATHS = (
					"$(inherited)",
					"@executable_path/Frameworks",
					"@loader_path/Frameworks",
				);
				PRODUCT_BUNDLE_IDENTIFIER = fr.formation.diginamic.SuperQuizzUITests;
				PRODUCT_NAME = "$(TARGET_NAME)";
				SWIFT_VERSION = 4.2;
				TARGETED_DEVICE_FAMILY = "1,2";
				TEST_TARGET_NAME = SuperQuizz;
			};
			name = Debug;
		};
		5C9B02F421B6B5C600297FC0 /* Release */ = {
			isa = XCBuildConfiguration;
			baseConfigurationReference = CDD7F46C3D9B93FFE411563A /* Pods-SuperQuizzUITests.release.xcconfig */;
			buildSettings = {
				ALWAYS_EMBED_SWIFT_STANDARD_LIBRARIES = YES;
				CODE_SIGN_STYLE = Automatic;
				INFOPLIST_FILE = SuperQuizzUITests/Info.plist;
				LD_RUNPATH_SEARCH_PATHS = (
					"$(inherited)",
					"@executable_path/Frameworks",
					"@loader_path/Frameworks",
				);
				PRODUCT_BUNDLE_IDENTIFIER = fr.formation.diginamic.SuperQuizzUITests;
				PRODUCT_NAME = "$(TARGET_NAME)";
				SWIFT_VERSION = 4.2;
				TARGETED_DEVICE_FAMILY = "1,2";
				TEST_TARGET_NAME = SuperQuizz;
			};
			name = Release;
		};
/* End XCBuildConfiguration section */

/* Begin XCConfigurationList section */
		5C9B02BF21B6B5C400297FC0 /* Build configuration list for PBXProject "SuperQuizz" */ = {
			isa = XCConfigurationList;
			buildConfigurations = (
				5C9B02EA21B6B5C600297FC0 /* Debug */,
				5C9B02EB21B6B5C600297FC0 /* Release */,
			);
			defaultConfigurationIsVisible = 0;
			defaultConfigurationName = Release;
		};
		5C9B02EC21B6B5C600297FC0 /* Build configuration list for PBXNativeTarget "SuperQuizz" */ = {
			isa = XCConfigurationList;
			buildConfigurations = (
				5C9B02ED21B6B5C600297FC0 /* Debug */,
				5C9B02EE21B6B5C600297FC0 /* Release */,
			);
			defaultConfigurationIsVisible = 0;
			defaultConfigurationName = Release;
		};
		5C9B02EF21B6B5C600297FC0 /* Build configuration list for PBXNativeTarget "SuperQuizzTests" */ = {
			isa = XCConfigurationList;
			buildConfigurations = (
				5C9B02F021B6B5C600297FC0 /* Debug */,
				5C9B02F121B6B5C600297FC0 /* Release */,
			);
			defaultConfigurationIsVisible = 0;
			defaultConfigurationName = Release;
		};
		5C9B02F221B6B5C600297FC0 /* Build configuration list for PBXNativeTarget "SuperQuizzUITests" */ = {
			isa = XCConfigurationList;
			buildConfigurations = (
				5C9B02F321B6B5C600297FC0 /* Debug */,
				5C9B02F421B6B5C600297FC0 /* Release */,
			);
			defaultConfigurationIsVisible = 0;
			defaultConfigurationName = Release;
		};
/* End XCConfigurationList section */
	};
	rootObject = 5C9B02BC21B6B5C400297FC0 /* Project object */;
}
